# This file is automatically @generated by Cargo.
# It is not intended for manual editing.
version = 4

[[package]]
name = "rocm-oxide-device"
version = "0.1.0"

[[package]]
name = "rocm-oxide-device-spike"
version = "0.1.0"
dependencies = [
 "rocm-oxide-device",
 "rocm-oxide-kernel",
]

[[package]]
name = "rocm-oxide-kernel"
version = "0.1.0"
